
Microsoft Visual Studio Solution File, Format Version 12.00
# Visual Studio Version 16
VisualStudioVersion = 16.0.31624.102
MinimumVisualStudioVersion = 10.0.40219.1
Project("{FAE04EC0-301F-11D3-BF4B-00C04F79EFBC}") = "lesson25.09.2021", "lesson25.09.2021\lesson25.09.2021.csproj", "{A982A94B-CBB1-4A8D-B384-F1A0050837D5}"
EndProject
Project("{FAE04EC0-301F-11D3-BF4B-00C04F79EFBC}") = "Homework", "Homework\Homework.csproj", "{A3F6417F-8907-46F5-BCA3-C873FB352A21}"
EndProject
Project("{FAE04EC0-301F-11D3-BF4B-00C04F79EFBC}") = "Lab4", "Lab4\Lab4.csproj", "{7F6CAA88-BA51-4CEB-9909-18EEC9D4AAAA}"
EndProject
Global
	GlobalSection(SolutionConfigurationPlatforms) = preSolution
		Debug|Any CPU = Debug|Any CPU
		Release|Any CPU = Release|Any CPU
	EndGlobalSection
	GlobalSection(ProjectConfigurationPlatforms) = postSolution
		{A982A94B-CBB1-4A8D-B384-F1A0050837D5}.Debug|Any CPU.ActiveCfg = Debug|Any CPU
		{A982A94B-CBB1-4A8D-B384-F1A0050837D5}.Debug|Any CPU.Build.0 = Debug|Any CPU
		{A982A94B-CBB1-4A8D-B384-F1A0050837D5}.Release|Any CPU.ActiveCfg = Release|Any CPU
		{A982A94B-CBB1-4A8D-B384-F1A0050837D5}.Release|Any CPU.Build.0 = Release|Any CPU
		{A3F6417F-8907-46F5-BCA3-C873FB352A21}.Debug|Any CPU.ActiveCfg = Debug|Any CPU
		{A3F6417F-8907-46F5-BCA3-C873FB352A21}.Debug|Any CPU.Build.0 = Debug|Any CPU
		{A3F6417F-8907-46F5-BCA3-C873FB352A21}.Release|Any CPU.ActiveCfg = Release|Any CPU
		{A3F6417F-8907-46F5-BCA3-C873FB352A21}.Release|Any CPU.Build.0 = Release|Any CPU
		{7F6CAA88-BA51-4CEB-9909-18EEC9D4AAAA}.Debug|Any CPU.ActiveCfg = Debug|Any CPU
		{7F6CAA88-BA51-4CEB-9909-18EEC9D4AAAA}.Debug|Any CPU.Build.0 = Debug|Any CPU
		{7F6CAA88-BA51-4CEB-9909-18EEC9D4AAAA}.Release|Any CPU.ActiveCfg = Release|Any CPU
		{7F6CAA88-BA51-4CEB-9909-18EEC9D4AAAA}.Release|Any CPU.Build.0 = Release|Any CPU
	EndGlobalSection
	GlobalSection(SolutionProperties) = preSolution
		HideSolutionNode = FALSE
	EndGlobalSection
	GlobalSection(ExtensibilityGlobals) = postSolution
		SolutionGuid = {612A0C9C-89EF-4DB3-9724-E970B5FA8B8D}
	EndGlobalSection
EndGlobal
